
Microsoft Visual Studio Solution File, Format Version 12.00
# Visual Studio 14
VisualStudioVersion = 14.0.25123.0
MinimumVisualStudioVersion = 10.0.40219.1
Project("{2150E333-8FDC-42A3-9474-1A3956D46DE8}") = "Solution Items", "Solution Items", "{6A2D0509-1A9D-4EB4-93BA-2C312E322EBD}"
	ProjectSection(SolutionItems) = preProject
		Main.js = Main.js
		README.MD = README.MD
		SomethingWrong.js = SomethingWrong.js
	EndProjectSection
EndProject
Global
	GlobalSection(SolutionProperties) = preSolution
		HideSolutionNode = FALSE
	EndGlobalSection
EndGlobal
